
Microsoft Visual Studio Solution File, Format Version 12.00
# Visual Studio Version 16
VisualStudioVersion = 16.0.30804.86
MinimumVisualStudioVersion = 10.0.40219.1
Project("{2150E333-8FDC-42A3-9474-1A3956D46DE8}") = "Strategy", "Strategy", "{981F2B31-D07A-4F31-9F78-3C2306C947E0}"
EndProject
Project("{FAE04EC0-301F-11D3-BF4B-00C04F79EFBC}") = "DP.CalculadorDeImpostos", "DP.CalculadorDeImpostos\DP.CalculadorDeImpostos.csproj", "{B255CD09-2463-49ED-B29E-1AF04DCEB24C}"
EndProject
Project("{FAE04EC0-301F-11D3-BF4B-00C04F79EFBC}") = "DP.RealizadorDeInvestimentos", "DP.RealizadorDeInvestimentos\DP.RealizadorDeInvestimentos.csproj", "{8C2586EA-2C91-4E8B-8DE7-4B617A911C1E}"
EndProject
Global
	GlobalSection(SolutionConfigurationPlatforms) = preSolution
		Debug|Any CPU = Debug|Any CPU
		Release|Any CPU = Release|Any CPU
	EndGlobalSection
	GlobalSection(ProjectConfigurationPlatforms) = postSolution
		{B255CD09-2463-49ED-B29E-1AF04DCEB24C}.Debug|Any CPU.ActiveCfg = Debug|Any CPU
		{B255CD09-2463-49ED-B29E-1AF04DCEB24C}.Debug|Any CPU.Build.0 = Debug|Any CPU
		{B255CD09-2463-49ED-B29E-1AF04DCEB24C}.Release|Any CPU.ActiveCfg = Release|Any CPU
		{B255CD09-2463-49ED-B29E-1AF04DCEB24C}.Release|Any CPU.Build.0 = Release|Any CPU
		{8C2586EA-2C91-4E8B-8DE7-4B617A911C1E}.Debug|Any CPU.ActiveCfg = Debug|Any CPU
		{8C2586EA-2C91-4E8B-8DE7-4B617A911C1E}.Debug|Any CPU.Build.0 = Debug|Any CPU
		{8C2586EA-2C91-4E8B-8DE7-4B617A911C1E}.Release|Any CPU.ActiveCfg = Release|Any CPU
		{8C2586EA-2C91-4E8B-8DE7-4B617A911C1E}.Release|Any CPU.Build.0 = Release|Any CPU
	EndGlobalSection
	GlobalSection(SolutionProperties) = preSolution
		HideSolutionNode = FALSE
	EndGlobalSection
	GlobalSection(NestedProjects) = preSolution
		{B255CD09-2463-49ED-B29E-1AF04DCEB24C} = {981F2B31-D07A-4F31-9F78-3C2306C947E0}
		{8C2586EA-2C91-4E8B-8DE7-4B617A911C1E} = {981F2B31-D07A-4F31-9F78-3C2306C947E0}
	EndGlobalSection
	GlobalSection(ExtensibilityGlobals) = postSolution
		SolutionGuid = {0CDBC997-1FE9-4A71-9607-2A40D07B4E3F}
	EndGlobalSection
EndGlobal
