
Microsoft Visual Studio Solution File, Format Version 12.00
# Visual Studio Version 16
VisualStudioVersion = 16.0.30804.86
MinimumVisualStudioVersion = 10.0.40219.1
Project("{2150E333-8FDC-42A3-9474-1A3956D46DE8}") = "Strategy", "Strategy", "{981F2B31-D07A-4F31-9F78-3C2306C947E0}"
EndProject
Project("{2150E333-8FDC-42A3-9474-1A3956D46DE8}") = "ChainOfResponsibility", "ChainOfResponsibility", "{AE0C58D2-69FA-4BB6-BD15-66E746524B85}"
EndProject
Project("{2150E333-8FDC-42A3-9474-1A3956D46DE8}") = "TemplateMethod", "TemplateMethod", "{990C871E-DA84-4952-8962-871DA98F1D00}"
EndProject
Project("{2150E333-8FDC-42A3-9474-1A3956D46DE8}") = "Decorator", "Decorator", "{E0AB176E-290E-43E1-B923-9FA489B97400}"
EndProject
Project("{2150E333-8FDC-42A3-9474-1A3956D46DE8}") = "State", "State", "{5EB50287-E035-4A8E-B906-64E3229228E8}"
EndProject
Project("{2150E333-8FDC-42A3-9474-1A3956D46DE8}") = "Behavioral", "Behavioral", "{0275ECC4-175B-4398-AD82-8C1C58B8860F}"
EndProject
Project("{2150E333-8FDC-42A3-9474-1A3956D46DE8}") = "Creational", "Creational", "{2918D6BF-7FA9-4CC4-AFC7-3BDD2B216F7A}"
EndProject
Project("{2150E333-8FDC-42A3-9474-1A3956D46DE8}") = "Structural", "Structural", "{0F1EB2FA-C0C9-40E6-B273-950D0D7AE103}"
EndProject
Project("{9A19103F-16F7-4668-BE54-9A1E7A4F7556}") = "DP.State", "Behavioral\State\ConsoleApp1\DP.State.csproj", "{923B5F54-3F07-42C3-A82F-6DA98C0A0F2D}"
EndProject
Project("{9A19103F-16F7-4668-BE54-9A1E7A4F7556}") = "DP.CalculadorDeDescontos", "Behavioral\ChainOfResponsibility\DP.CalculadorDeDescontos\DP.CalculadorDeDescontos.csproj", "{B4051663-6FCD-434F-AAD9-D88AC5B80E8A}"
EndProject
Project("{9A19103F-16F7-4668-BE54-9A1E7A4F7556}") = "DP.RequisicoesWeb", "Behavioral\ChainOfResponsibility\DP.RequisicoesWeb\DP.RequisicoesWeb.csproj", "{8C3B5593-967C-4DA9-8FC6-22E1420E51D1}"
EndProject
Project("{9A19103F-16F7-4668-BE54-9A1E7A4F7556}") = "DP.CalculadorDeImpostos", "Behavioral\Strategy\DP.CalculadorDeImpostos\DP.CalculadorDeImpostos.csproj", "{FDF97B08-F613-4E29-8572-C08093F0DC9F}"
EndProject
Project("{9A19103F-16F7-4668-BE54-9A1E7A4F7556}") = "DP.RealizadorDeInvestimentos", "Behavioral\Strategy\DP.RealizadorDeInvestimentos\DP.RealizadorDeInvestimentos.csproj", "{3126D0A8-3ADF-4E52-9526-9523847780B3}"
EndProject
Project("{9A19103F-16F7-4668-BE54-9A1E7A4F7556}") = "DP.TM.CalculadorDeImpostos", "Behavioral\TemplateMethod\DP.TM.CalculadorDeImpostos\DP.TM.CalculadorDeImpostos.csproj", "{B4A62C98-E66F-409A-9635-55AE1C0DE207}"
EndProject
Project("{9A19103F-16F7-4668-BE54-9A1E7A4F7556}") = "DP.TM.Relatorios", "Behavioral\TemplateMethod\DP.TM.Relatorios\DP.TM.Relatorios.csproj", "{BC75B636-34A7-43E7-9E2F-B724AB7B171B}"
EndProject
Project("{9A19103F-16F7-4668-BE54-9A1E7A4F7556}") = "DP.DECORATOR", "Structural\Decorator\DP.DECORATOR\DP.DECORATOR.csproj", "{B2D23BE9-76A9-4533-8C8D-BA0775C01126}"
EndProject
Global
	GlobalSection(SolutionConfigurationPlatforms) = preSolution
		Debug|Any CPU = Debug|Any CPU
		Release|Any CPU = Release|Any CPU
	EndGlobalSection
	GlobalSection(ProjectConfigurationPlatforms) = postSolution
		{923B5F54-3F07-42C3-A82F-6DA98C0A0F2D}.Debug|Any CPU.ActiveCfg = Debug|Any CPU
		{923B5F54-3F07-42C3-A82F-6DA98C0A0F2D}.Debug|Any CPU.Build.0 = Debug|Any CPU
		{923B5F54-3F07-42C3-A82F-6DA98C0A0F2D}.Release|Any CPU.ActiveCfg = Release|Any CPU
		{923B5F54-3F07-42C3-A82F-6DA98C0A0F2D}.Release|Any CPU.Build.0 = Release|Any CPU
		{B4051663-6FCD-434F-AAD9-D88AC5B80E8A}.Debug|Any CPU.ActiveCfg = Debug|Any CPU
		{B4051663-6FCD-434F-AAD9-D88AC5B80E8A}.Debug|Any CPU.Build.0 = Debug|Any CPU
		{B4051663-6FCD-434F-AAD9-D88AC5B80E8A}.Release|Any CPU.ActiveCfg = Release|Any CPU
		{B4051663-6FCD-434F-AAD9-D88AC5B80E8A}.Release|Any CPU.Build.0 = Release|Any CPU
		{8C3B5593-967C-4DA9-8FC6-22E1420E51D1}.Debug|Any CPU.ActiveCfg = Debug|Any CPU
		{8C3B5593-967C-4DA9-8FC6-22E1420E51D1}.Debug|Any CPU.Build.0 = Debug|Any CPU
		{8C3B5593-967C-4DA9-8FC6-22E1420E51D1}.Release|Any CPU.ActiveCfg = Release|Any CPU
		{8C3B5593-967C-4DA9-8FC6-22E1420E51D1}.Release|Any CPU.Build.0 = Release|Any CPU
		{FDF97B08-F613-4E29-8572-C08093F0DC9F}.Debug|Any CPU.ActiveCfg = Debug|Any CPU
		{FDF97B08-F613-4E29-8572-C08093F0DC9F}.Debug|Any CPU.Build.0 = Debug|Any CPU
		{FDF97B08-F613-4E29-8572-C08093F0DC9F}.Release|Any CPU.ActiveCfg = Release|Any CPU
		{FDF97B08-F613-4E29-8572-C08093F0DC9F}.Release|Any CPU.Build.0 = Release|Any CPU
		{3126D0A8-3ADF-4E52-9526-9523847780B3}.Debug|Any CPU.ActiveCfg = Debug|Any CPU
		{3126D0A8-3ADF-4E52-9526-9523847780B3}.Debug|Any CPU.Build.0 = Debug|Any CPU
		{3126D0A8-3ADF-4E52-9526-9523847780B3}.Release|Any CPU.ActiveCfg = Release|Any CPU
		{3126D0A8-3ADF-4E52-9526-9523847780B3}.Release|Any CPU.Build.0 = Release|Any CPU
		{B4A62C98-E66F-409A-9635-55AE1C0DE207}.Debug|Any CPU.ActiveCfg = Debug|Any CPU
		{B4A62C98-E66F-409A-9635-55AE1C0DE207}.Debug|Any CPU.Build.0 = Debug|Any CPU
		{B4A62C98-E66F-409A-9635-55AE1C0DE207}.Release|Any CPU.ActiveCfg = Release|Any CPU
		{B4A62C98-E66F-409A-9635-55AE1C0DE207}.Release|Any CPU.Build.0 = Release|Any CPU
		{BC75B636-34A7-43E7-9E2F-B724AB7B171B}.Debug|Any CPU.ActiveCfg = Debug|Any CPU
		{BC75B636-34A7-43E7-9E2F-B724AB7B171B}.Debug|Any CPU.Build.0 = Debug|Any CPU
		{BC75B636-34A7-43E7-9E2F-B724AB7B171B}.Release|Any CPU.ActiveCfg = Release|Any CPU
		{BC75B636-34A7-43E7-9E2F-B724AB7B171B}.Release|Any CPU.Build.0 = Release|Any CPU
		{B2D23BE9-76A9-4533-8C8D-BA0775C01126}.Debug|Any CPU.ActiveCfg = Debug|Any CPU
		{B2D23BE9-76A9-4533-8C8D-BA0775C01126}.Debug|Any CPU.Build.0 = Debug|Any CPU
		{B2D23BE9-76A9-4533-8C8D-BA0775C01126}.Release|Any CPU.ActiveCfg = Release|Any CPU
		{B2D23BE9-76A9-4533-8C8D-BA0775C01126}.Release|Any CPU.Build.0 = Release|Any CPU
	EndGlobalSection
	GlobalSection(SolutionProperties) = preSolution
		HideSolutionNode = FALSE
	EndGlobalSection
	GlobalSection(NestedProjects) = preSolution
		{981F2B31-D07A-4F31-9F78-3C2306C947E0} = {0275ECC4-175B-4398-AD82-8C1C58B8860F}
		{AE0C58D2-69FA-4BB6-BD15-66E746524B85} = {0275ECC4-175B-4398-AD82-8C1C58B8860F}
		{990C871E-DA84-4952-8962-871DA98F1D00} = {0275ECC4-175B-4398-AD82-8C1C58B8860F}
		{E0AB176E-290E-43E1-B923-9FA489B97400} = {2918D6BF-7FA9-4CC4-AFC7-3BDD2B216F7A}
		{5EB50287-E035-4A8E-B906-64E3229228E8} = {0275ECC4-175B-4398-AD82-8C1C58B8860F}
		{923B5F54-3F07-42C3-A82F-6DA98C0A0F2D} = {5EB50287-E035-4A8E-B906-64E3229228E8}
		{B4051663-6FCD-434F-AAD9-D88AC5B80E8A} = {AE0C58D2-69FA-4BB6-BD15-66E746524B85}
		{8C3B5593-967C-4DA9-8FC6-22E1420E51D1} = {AE0C58D2-69FA-4BB6-BD15-66E746524B85}
		{FDF97B08-F613-4E29-8572-C08093F0DC9F} = {981F2B31-D07A-4F31-9F78-3C2306C947E0}
		{3126D0A8-3ADF-4E52-9526-9523847780B3} = {981F2B31-D07A-4F31-9F78-3C2306C947E0}
		{B4A62C98-E66F-409A-9635-55AE1C0DE207} = {990C871E-DA84-4952-8962-871DA98F1D00}
		{BC75B636-34A7-43E7-9E2F-B724AB7B171B} = {990C871E-DA84-4952-8962-871DA98F1D00}
		{B2D23BE9-76A9-4533-8C8D-BA0775C01126} = {E0AB176E-290E-43E1-B923-9FA489B97400}
	EndGlobalSection
	GlobalSection(ExtensibilityGlobals) = postSolution
		SolutionGuid = {0CDBC997-1FE9-4A71-9607-2A40D07B4E3F}
	EndGlobalSection
EndGlobal
